
Microsoft Visual Studio Solution File, Format Version 12.00
# Visual Studio Version 17
VisualStudioVersion = 17.8.34330.188
MinimumVisualStudioVersion = 10.0.40219.1
Project("{9A19103F-16F7-4668-BE54-9A1E7A4F7556}") = "ToyStoreModel", "ToyStoreModel\ToyStoreModel.csproj", "{E4DDE12E-EC7C-4779-9253-D28C81EC8BBC}"
EndProject
Project("{9A19103F-16F7-4668-BE54-9A1E7A4F7556}") = "ToyStoreWebAPI", "ToyStoreWebAPI\ToyStoreWebAPI.csproj", "{042356BB-1169-4527-9940-5F67C2C85A55}"
EndProject
Project("{9A19103F-16F7-4668-BE54-9A1E7A4F7556}") = "ToyStore", "ToyStore\ToyStore.csproj", "{EC4B889E-84CB-4953-AE6F-09D78230D3C1}"
EndProject
Global
	GlobalSection(SolutionConfigurationPlatforms) = preSolution
		Debug|Any CPU = Debug|Any CPU
		Release|Any CPU = Release|Any CPU
	EndGlobalSection
	GlobalSection(ProjectConfigurationPlatforms) = postSolution
		{E4DDE12E-EC7C-4779-9253-D28C81EC8BBC}.Debug|Any CPU.ActiveCfg = Debug|Any CPU
		{E4DDE12E-EC7C-4779-9253-D28C81EC8BBC}.Debug|Any CPU.Build.0 = Debug|Any CPU
		{E4DDE12E-EC7C-4779-9253-D28C81EC8BBC}.Release|Any CPU.ActiveCfg = Release|Any CPU
		{E4DDE12E-EC7C-4779-9253-D28C81EC8BBC}.Release|Any CPU.Build.0 = Release|Any CPU
		{042356BB-1169-4527-9940-5F67C2C85A55}.Debug|Any CPU.ActiveCfg = Debug|Any CPU
		{042356BB-1169-4527-9940-5F67C2C85A55}.Debug|Any CPU.Build.0 = Debug|Any CPU
		{042356BB-1169-4527-9940-5F67C2C85A55}.Release|Any CPU.ActiveCfg = Release|Any CPU
		{042356BB-1169-4527-9940-5F67C2C85A55}.Release|Any CPU.Build.0 = Release|Any CPU
		{EC4B889E-84CB-4953-AE6F-09D78230D3C1}.Debug|Any CPU.ActiveCfg = Debug|Any CPU
		{EC4B889E-84CB-4953-AE6F-09D78230D3C1}.Debug|Any CPU.Build.0 = Debug|Any CPU
		{EC4B889E-84CB-4953-AE6F-09D78230D3C1}.Release|Any CPU.ActiveCfg = Release|Any CPU
		{EC4B889E-84CB-4953-AE6F-09D78230D3C1}.Release|Any CPU.Build.0 = Release|Any CPU
	EndGlobalSection
	GlobalSection(SolutionProperties) = preSolution
		HideSolutionNode = FALSE
	EndGlobalSection
	GlobalSection(ExtensibilityGlobals) = postSolution
		SolutionGuid = {9D22B2DD-5641-48EA-AE86-8D95D407FD41}
	EndGlobalSection
EndGlobal
